<?xml version="1.0" encoding="utf-8"?>
<Project ToolsVersion="4.0" xmlns="http://schemas.microsoft.com/developer/msbuild/2003">
  <ItemGroup>
    <Filter Include="Source Files">
      <UniqueIdentifier>{4FC737F1-C7A5-4376-A066-2A32D752A2FF}</UniqueIdentifier>
      <Extensions>cpp;c;cc;cxx;def;odl;idl;hpj;bat;asm;asmx</Extensions>
    </Filter>
    <Filter Include="Header Files">
      <UniqueIdentifier>{93995380-89BD-4b04-88EB-625FBE52EBFB}</UniqueIdentifier>
      <Extensions>h;hpp;hxx;hm;inl;inc;xsd</Extensions>
    </Filter>
    <Filter Include="Resource Files">
      <UniqueIdentifier>{67DA6AB6-F800-4c08-8B7A-83BB121AAD01}</UniqueIdentifier>
      <Extensions>rc;ico;cur;bmp;dlg;rc2;rct;bin;rgs;gif;jpg;jpeg;jpe;resx;tiff;tif;png;wav;mfcribbon-ms</Extensions>
    </Filter>
  </ItemGroup>
  <ItemGroup>
    <ClCompile Include="main.cpp">
      <Filter>Source Files</Filter>
    </ClCompile>
    <ClCompile Include="XMemory.cpp">
      <Filter>Source Files</Filter>
    </ClCompile>
    <ClCompile Include="XName.cpp">
      <Filter>Source Files</Filter>
    </ClCompile>
    <ClCompile Include="XString.cpp">
      <Filter>Source Files</Filter>
    </ClCompile>
    <ClCompile Include="XFileMgr.cpp">
      <Filter>Source Files</Filter>
    </ClCompile>
    <ClCompile Include="XEngineThreads.cpp">
      <Filter>Source Files</Filter>
    </ClCompile>
    <ClCompile Include="XInput.cpp">
      <Filter>Source Files</Filter>
    </ClCompile>
    <ClCompile Include="XGameWindow.cpp">
      <Filter>Source Files</Filter>
    </ClCompile>
    <ClCompile Include="XConsole.cpp">
      <Filter>Source Files</Filter>
    </ClCompile>
    <ClCompile Include="XTexture.cpp">
      <Filter>Source Files</Filter>
    </ClCompile>
    <ClCompile Include="XGLMisc.cpp">
      <Filter>Source Files</Filter>
    </ClCompile>
    <ClCompile Include="XMath.cpp">
      <Filter>Source Files</Filter>
    </ClCompile>
    <ClCompile Include="XRenderer.cpp">
      <Filter>Source Files</Filter>
    </ClCompile>
    <ClCompile Include="XRenderer_Shader.cpp">
      <Filter>Source Files</Filter>
    </ClCompile>
    <ClCompile Include="XBasic.cpp">
      <Filter>Source Files</Filter>
    </ClCompile>
    <ClCompile Include="XResourceMgr.cpp">
      <Filter>Source Files</Filter>
    </ClCompile>
    <ClCompile Include="XShader.cpp">
      <Filter>Source Files</Filter>
    </ClCompile>
    <ClCompile Include="XGLCommandQueue.cpp">
      <Filter>Source Files</Filter>
    </ClCompile>
  </ItemGroup>
  <ItemGroup>
    <ClInclude Include="XBasic.h">
      <Filter>Header Files</Filter>
    </ClInclude>
    <ClInclude Include="XMemory.h">
      <Filter>Header Files</Filter>
    </ClInclude>
    <ClInclude Include="XList.h">
      <Filter>Header Files</Filter>
    </ClInclude>
    <ClInclude Include="XFileMgr.h">
      <Filter>Header Files</Filter>
    </ClInclude>
    <ClInclude Include="XMath.h">
      <Filter>Header Files</Filter>
    </ClInclude>
    <ClInclude Include="XName.h">
      <Filter>Header Files</Filter>
    </ClInclude>
    <ClInclude Include="XArray.h">
      <Filter>Header Files</Filter>
    </ClInclude>
    <ClInclude Include="XThreading.h">
      <Filter>Header Files</Filter>
    </ClInclude>
    <ClInclude Include="XString.h">
      <Filter>Header Files</Filter>
    </ClInclude>
    <ClInclude Include="XEngineThreads.h">
      <Filter>Header Files</Filter>
    </ClInclude>
    <ClInclude Include="XInput.h">
      <Filter>Header Files</Filter>
    </ClInclude>
    <ClInclude Include="XGameWindow.h">
      <Filter>Header Files</Filter>
    </ClInclude>
    <ClInclude Include="XGame.h">
      <Filter>Header Files</Filter>
    </ClInclude>
    <ClInclude Include="XConsole.h">
      <Filter>Header Files</Filter>
    </ClInclude>
    <ClInclude Include="XTexture.h">
      <Filter>Header Files</Filter>
    </ClInclude>
    <ClInclude Include="XGLMisc.h">
      <Filter>Header Files</Filter>
    </ClInclude>
    <ClInclude Include="XRenderer.h">
      <Filter>Header Files</Filter>
    </ClInclude>
    <ClInclude Include="XResourceMgr.h">
      <Filter>Header Files</Filter>
    </ClInclude>
    <ClInclude Include="XShader.h">
      <Filter>Header Files</Filter>
    </ClInclude>
    <ClInclude Include="XGLCommandQueue.h">
      <Filter>Header Files</Filter>
    </ClInclude>
  </ItemGroup>
</Project>